Microsoft Visual Studio Solution File, Format Version 12.00
# Visual Studio Version 17
VisualStudioVersion = 17.3.32811.315
MinimumVisualStudioVersion = 10.0.40219.1
Project("{9A19103F-16F7-4668-BE54-9A1E7A4F7556}") = "AvaloniaStarterProject", "AvaloniaStarterProject\AvaloniaStarterProject.csproj", "{EBFA8512-1EA5-4D8C-B4AC-AB5B48A6D568}"
EndProject
#if(desktop)
Project("{9A19103F-16F7-4668-BE54-9A1E7A4F7556}") = "AvaloniaStarterProject.Desktop", "AvaloniaStarterProject.Desktop\AvaloniaStarterProject.Desktop.csproj", "{ABC31E74-02FF-46EB-B3B2-4E6AE43B456C}"
EndProject
#endif

#if(web)
Project("{9A19103F-16F7-4668-BE54-9A1E7A4F7556}") = "AvaloniaStarterProject.Web", "AvaloniaStarterProject.Web\AvaloniaStarterProject.Web.csproj", "{1C1A049E-235C-4CD0-B6FA-D53AC418F4DA}"
EndProject
#endif

#if(ios)
Project("{9A19103F-16F7-4668-BE54-9A1E7A4F7556}") = "AvaloniaStarterProject.iOS", "AvaloniaStarterProject.iOS\AvaloniaStarterProject.iOS.csproj", "{EBD9022F-BC83-4846-9A11-6F7F3772DC64}"
EndProject
#endif

#if(android)
Project("{9A19103F-16F7-4668-BE54-9A1E7A4F7556}") = "AvaloniaStarterProject.Android", "AvaloniaStarterProject.Android\AvaloniaStarterProject.Android.csproj", "{7AD1DAC8-7FBE-49D5-8614-7321233DB82E}"
EndProject
#endif

Project("{2150E333-8FDC-42A3-9474-1A3956D46DE8}") = "Solution Items", "Solution Items", "{3DA99C4E-89E3-4049-9C22-0A7EC60D83D8}"
	ProjectSection(SolutionItems) = preProject
		Directory.Build.props = Directory.Build.props
		global.json = global.json
	EndProjectSection
EndProject

Project("{2150E333-8FDC-42A3-9474-1A3956D46DE8}") = "Platforms", "Platforms", "{955FEDBA-00E0-43DB-95D7-6B5FC3BBDFE1}"
EndProject

#if(desktop)
Project("{9A19103F-16F7-4668-BE54-9A1E7A4F7556}") = "AvaloniaStarterProject.Desktop.Tests", "AvaloniaStarterProject.Desktop.Tests\AvaloniaStarterProject.Desktop.Tests.csproj", "{08155D23-4119-410D-B928-07CDCD609728}"
EndProject

Project("{2150E333-8FDC-42A3-9474-1A3956D46DE8}") = "Tests", "Tests", "{5DB499DF-8DF7-4C2D-835D-C4A9FB8FB8BB}"
EndProject

Project("{D954291E-2A0B-460D-934E-DC6B0785DB48}") = "AvaloniaStarterProject.Shared.Tests", "AvaloniaStarterProject.Shared.Tests\AvaloniaStarterProject.Shared.Tests.shproj", "{F275104F-018D-4FF2-B40A-E9C299F761F1}"
EndProject
#endif

Global
	GlobalSection(SolutionConfigurationPlatforms) = preSolution
		Debug|Any CPU = Debug|Any CPU
		Release|Any CPU = Release|Any CPU
	EndGlobalSection
	GlobalSection(ProjectConfigurationPlatforms) = postSolution
		{EBFA8512-1EA5-4D8C-B4AC-AB5B48A6D568}.Debug|Any CPU.ActiveCfg = Debug|Any CPU
		{EBFA8512-1EA5-4D8C-B4AC-AB5B48A6D568}.Debug|Any CPU.Build.0 = Debug|Any CPU
		{EBFA8512-1EA5-4D8C-B4AC-AB5B48A6D568}.Release|Any CPU.ActiveCfg = Release|Any CPU
		{EBFA8512-1EA5-4D8C-B4AC-AB5B48A6D568}.Release|Any CPU.Build.0 = Release|Any CPU
		{ABC31E74-02FF-46EB-B3B2-4E6AE43B456C}.Debug|Any CPU.ActiveCfg = Debug|Any CPU
		{ABC31E74-02FF-46EB-B3B2-4E6AE43B456C}.Debug|Any CPU.Build.0 = Debug|Any CPU
		{ABC31E74-02FF-46EB-B3B2-4E6AE43B456C}.Release|Any CPU.ActiveCfg = Release|Any CPU
		{ABC31E74-02FF-46EB-B3B2-4E6AE43B456C}.Release|Any CPU.Build.0 = Release|Any CPU
		{1C1A049E-235C-4CD0-B6FA-D53AC418F4DA}.Debug|Any CPU.ActiveCfg = Debug|Any CPU
		{1C1A049E-235C-4CD0-B6FA-D53AC418F4DA}.Debug|Any CPU.Build.0 = Debug|Any CPU
		{1C1A049E-235C-4CD0-B6FA-D53AC418F4DA}.Release|Any CPU.ActiveCfg = Release|Any CPU
		{1C1A049E-235C-4CD0-B6FA-D53AC418F4DA}.Release|Any CPU.Build.0 = Release|Any CPU
		{EBD9022F-BC83-4846-9A11-6F7F3772DC64}.Debug|Any CPU.ActiveCfg = Debug|Any CPU
		{EBD9022F-BC83-4846-9A11-6F7F3772DC64}.Debug|Any CPU.Build.0 = Debug|Any CPU
		{EBD9022F-BC83-4846-9A11-6F7F3772DC64}.Release|Any CPU.ActiveCfg = Release|Any CPU
		{EBD9022F-BC83-4846-9A11-6F7F3772DC64}.Release|Any CPU.Build.0 = Release|Any CPU
		{7AD1DAC8-7FBE-49D5-8614-7321233DB82E}.Debug|Any CPU.ActiveCfg = Debug|Any CPU
		{7AD1DAC8-7FBE-49D5-8614-7321233DB82E}.Debug|Any CPU.Build.0 = Debug|Any CPU
		{7AD1DAC8-7FBE-49D5-8614-7321233DB82E}.Debug|Any CPU.Deploy.0 = Debug|Any CPU
		{7AD1DAC8-7FBE-49D5-8614-7321233DB82E}.Release|Any CPU.ActiveCfg = Release|Any CPU
		{7AD1DAC8-7FBE-49D5-8614-7321233DB82E}.Release|Any CPU.Build.0 = Release|Any CPU
		{08155D23-4119-410D-B928-07CDCD609728}.Debug|Any CPU.ActiveCfg = Debug|Any CPU
		{08155D23-4119-410D-B928-07CDCD609728}.Debug|Any CPU.Build.0 = Debug|Any CPU
		{08155D23-4119-410D-B928-07CDCD609728}.Release|Any CPU.ActiveCfg = Release|Any CPU
		{08155D23-4119-410D-B928-07CDCD609728}.Release|Any CPU.Build.0 = Release|Any CPU
	EndGlobalSection
	GlobalSection(SolutionProperties) = preSolution
		HideSolutionNode = FALSE
	EndGlobalSection
	GlobalSection(NestedProjects) = preSolution
		{ABC31E74-02FF-46EB-B3B2-4E6AE43B456C} = {955FEDBA-00E0-43DB-95D7-6B5FC3BBDFE1}
		{1C1A049E-235C-4CD0-B6FA-D53AC418F4DA} = {955FEDBA-00E0-43DB-95D7-6B5FC3BBDFE1}
		{EBD9022F-BC83-4846-9A11-6F7F3772DC64} = {955FEDBA-00E0-43DB-95D7-6B5FC3BBDFE1}
		{7AD1DAC8-7FBE-49D5-8614-7321233DB82E} = {955FEDBA-00E0-43DB-95D7-6B5FC3BBDFE1}
		{08155D23-4119-410D-B928-07CDCD609728} = {5DB499DF-8DF7-4C2D-835D-C4A9FB8FB8BB}
		{F275104F-018D-4FF2-B40A-E9C299F761F1} = {5DB499DF-8DF7-4C2D-835D-C4A9FB8FB8BB}
	EndGlobalSection
	GlobalSection(ExtensibilityGlobals) = postSolution
		SolutionGuid = {83CB65B8-011F-4ED7-BCD3-A6CFA935EF7E}
	EndGlobalSection
	GlobalSection(SharedMSBuildProjectFiles) = preSolution
		AvaloniaStarterProject.Shared.Tests\AvaloniaStarterProject.Shared.Tests.projitems*{08155d23-4119-410d-b928-07cdcd609728}*SharedItemsImports = 5
		AvaloniaStarterProject.Shared.Tests\AvaloniaStarterProject.Shared.Tests.projitems*{f275104f-018d-4ff2-b40a-e9c299f761f1}*SharedItemsImports = 13
	EndGlobalSection
EndGlobal
